
Microsoft Visual Studio Solution File, Format Version 12.00
# Visual Studio Version 16
VisualStudioVersion = 16.0.30621.155
MinimumVisualStudioVersion = 10.0.40219.1
Project("{FAE04EC0-301F-11D3-BF4B-00C04F79EFBC}") = "IoT_Aplicacion_UWP", "IoT_Aplicacion_UWP.csproj", "{C194BA5D-00E5-40AD-998E-2BF9CEE64BBB}"
EndProject
Global
	GlobalSection(SolutionConfigurationPlatforms) = preSolution
		Debug|ARM = Debug|ARM
		Debug|ARM64 = Debug|ARM64
		Debug|x64 = Debug|x64
		Debug|x86 = Debug|x86
		Release|ARM = Release|ARM
		Release|ARM64 = Release|ARM64
		Release|x64 = Release|x64
		Release|x86 = Release|x86
	EndGlobalSection
	GlobalSection(ProjectConfigurationPlatforms) = postSolution
		{C194BA5D-00E5-40AD-998E-2BF9CEE64BBB}.Debug|ARM.ActiveCfg = Debug|ARM
		{C194BA5D-00E5-40AD-998E-2BF9CEE64BBB}.Debug|ARM.Build.0 = Debug|ARM
		{C194BA5D-00E5-40AD-998E-2BF9CEE64BBB}.Debug|ARM.Deploy.0 = Debug|ARM
		{C194BA5D-00E5-40AD-998E-2BF9CEE64BBB}.Debug|ARM64.ActiveCfg = Debug|ARM64
		{C194BA5D-00E5-40AD-998E-2BF9CEE64BBB}.Debug|ARM64.Build.0 = Debug|ARM64
		{C194BA5D-00E5-40AD-998E-2BF9CEE64BBB}.Debug|ARM64.Deploy.0 = Debug|ARM64
		{C194BA5D-00E5-40AD-998E-2BF9CEE64BBB}.Debug|x64.ActiveCfg = Debug|x64
		{C194BA5D-00E5-40AD-998E-2BF9CEE64BBB}.Debug|x64.Build.0 = Debug|x64
		{C194BA5D-00E5-40AD-998E-2BF9CEE64BBB}.Debug|x64.Deploy.0 = Debug|x64
		{C194BA5D-00E5-40AD-998E-2BF9CEE64BBB}.Debug|x86.ActiveCfg = Debug|x86
		{C194BA5D-00E5-40AD-998E-2BF9CEE64BBB}.Debug|x86.Build.0 = Debug|x86
		{C194BA5D-00E5-40AD-998E-2BF9CEE64BBB}.Debug|x86.Deploy.0 = Debug|x86
		{C194BA5D-00E5-40AD-998E-2BF9CEE64BBB}.Release|ARM.ActiveCfg = Release|ARM
		{C194BA5D-00E5-40AD-998E-2BF9CEE64BBB}.Release|ARM.Build.0 = Release|ARM
		{C194BA5D-00E5-40AD-998E-2BF9CEE64BBB}.Release|ARM.Deploy.0 = Release|ARM
		{C194BA5D-00E5-40AD-998E-2BF9CEE64BBB}.Release|ARM64.ActiveCfg = Release|ARM64
		{C194BA5D-00E5-40AD-998E-2BF9CEE64BBB}.Release|ARM64.Build.0 = Release|ARM64
		{C194BA5D-00E5-40AD-998E-2BF9CEE64BBB}.Release|ARM64.Deploy.0 = Release|ARM64
		{C194BA5D-00E5-40AD-998E-2BF9CEE64BBB}.Release|x64.ActiveCfg = Release|x64
		{C194BA5D-00E5-40AD-998E-2BF9CEE64BBB}.Release|x64.Build.0 = Release|x64
		{C194BA5D-00E5-40AD-998E-2BF9CEE64BBB}.Release|x64.Deploy.0 = Release|x64
		{C194BA5D-00E5-40AD-998E-2BF9CEE64BBB}.Release|x86.ActiveCfg = Release|x86
		{C194BA5D-00E5-40AD-998E-2BF9CEE64BBB}.Release|x86.Build.0 = Release|x86
		{C194BA5D-00E5-40AD-998E-2BF9CEE64BBB}.Release|x86.Deploy.0 = Release|x86
	EndGlobalSection
	GlobalSection(SolutionProperties) = preSolution
		HideSolutionNode = FALSE
	EndGlobalSection
	GlobalSection(ExtensibilityGlobals) = postSolution
		SolutionGuid = {4192FA3E-4DF5-46C8-B4EC-2A7ABF084339}
	EndGlobalSection
EndGlobal
